{
  "name": "test",
  "version": "1.0.0",
  "lockfileVersion": 1,
  "requires": true,
  "dependencies": {
    "balahari-frame-print": {
      "version": "1.0.0",
      "resolved": "https://registry.npmjs.org/balahari-frame-print/-/balahari-frame-print-1.0.0.tgz",
      "integrity": "sha512-jbqnhmVf7/JoWXkYz/gJkMuqedsNZsN8VieScST3SSKDnbHIwcqzMptLEwPIVwqxGQar1KCnQUpXpA87jqAVDw=="
    }
  }
}
